Microsoft Visual Studio Solution File, Format Version 12.00
# Visual Studio Version 17
VisualStudioVersion = 17.5.2.0
MinimumVisualStudioVersion = 10.0.40219.1
Project("{FAE04EC0-301F-11D3-BF4B-00C04F79EFBC}") = "AcademyPro", "AcademyPro.csproj", "{B35A3D7D-B809-97FF-C1C4-4348A1452026}"
EndProject
Global
	GlobalSection(SolutionConfigurationPlatforms) = preSolution
		Debug|Any CPU = Debug|Any CPU
		Release|Any CPU = Release|Any CPU
	EndGlobalSection
	GlobalSection(ProjectConfigurationPlatforms) = postSolution
		{B35A3D7D-B809-97FF-C1C4-4348A1452026}.Debug|Any CPU.ActiveCfg = Debug|Any CPU
		{B35A3D7D-B809-97FF-C1C4-4348A1452026}.Debug|Any CPU.Build.0 = Debug|Any CPU
		{B35A3D7D-B809-97FF-C1C4-4348A1452026}.Release|Any CPU.ActiveCfg = Release|Any CPU
		{B35A3D7D-B809-97FF-C1C4-4348A1452026}.Release|Any CPU.Build.0 = Release|Any CPU
	EndGlobalSection
	GlobalSection(SolutionProperties) = preSolution
		HideSolutionNode = FALSE
	EndGlobalSection
	GlobalSection(ExtensibilityGlobals) = postSolution
		SolutionGuid = {A71B1FD4-6363-4AD4-8BCD-69CC770B32F8}
	EndGlobalSection
EndGlobal
