Microsoft Visual Studio Solution File, Format Version 12.00
# Visual Studio Version 17
VisualStudioVersion = 17.5.2.0
MinimumVisualStudioVersion = 10.0.40219.1
Project("{FAE04EC0-301F-11D3-BF4B-00C04F79EFBC}") = "ApiCursos", "ApiCursos.csproj", "{8D513872-6E5B-0FC4-581B-7BB26FC26E97}"
EndProject
Global
	GlobalSection(SolutionConfigurationPlatforms) = preSolution
		Debug|Any CPU = Debug|Any CPU
		Release|Any CPU = Release|Any CPU
	EndGlobalSection
	GlobalSection(ProjectConfigurationPlatforms) = postSolution
		{8D513872-6E5B-0FC4-581B-7BB26FC26E97}.Debug|Any CPU.ActiveCfg = Debug|Any CPU
		{8D513872-6E5B-0FC4-581B-7BB26FC26E97}.Debug|Any CPU.Build.0 = Debug|Any CPU
		{8D513872-6E5B-0FC4-581B-7BB26FC26E97}.Release|Any CPU.ActiveCfg = Release|Any CPU
		{8D513872-6E5B-0FC4-581B-7BB26FC26E97}.Release|Any CPU.Build.0 = Release|Any CPU
	EndGlobalSection
	GlobalSection(SolutionProperties) = preSolution
		HideSolutionNode = FALSE
	EndGlobalSection
	GlobalSection(ExtensibilityGlobals) = postSolution
		SolutionGuid = {EFB017FD-A475-447E-8156-E97789CB8122}
	EndGlobalSection
EndGlobal
