
Microsoft Visual Studio Solution File, Format Version 12.00
# Visual Studio Version 17
VisualStudioVersion = 17.14.36202.13 d17.14
MinimumVisualStudioVersion = 10.0.40219.1
Project("{FAE04EC0-301F-11D3-BF4B-00C04F79EFBC}") = "CatalogoApi", "CatalogoApi\CatalogoApi.csproj", "{6BED39A6-BF14-43CD-982A-5B7463A4268D}"
EndProject
Global
	GlobalSection(SolutionConfigurationPlatforms) = preSolution
		Debug|Any CPU = Debug|Any CPU
		Release|Any CPU = Release|Any CPU
	EndGlobalSection
	GlobalSection(ProjectConfigurationPlatforms) = postSolution
		{6BED39A6-BF14-43CD-982A-5B7463A4268D}.Debug|Any CPU.ActiveCfg = Debug|Any CPU
		{6BED39A6-BF14-43CD-982A-5B7463A4268D}.Debug|Any CPU.Build.0 = Debug|Any CPU
		{6BED39A6-BF14-43CD-982A-5B7463A4268D}.Release|Any CPU.ActiveCfg = Release|Any CPU
		{6BED39A6-BF14-43CD-982A-5B7463A4268D}.Release|Any CPU.Build.0 = Release|Any CPU
	EndGlobalSection
	GlobalSection(SolutionProperties) = preSolution
		HideSolutionNode = FALSE
	EndGlobalSection
	GlobalSection(ExtensibilityGlobals) = postSolution
		SolutionGuid = {BF8DCB88-0020-4933-8A30-6D3D9CD099F1}
	EndGlobalSection
EndGlobal
