
Microsoft Visual Studio Solution File, Format Version 12.00
# Visual Studio Version 17
VisualStudioVersion = 17.14.36202.13 d17.14
MinimumVisualStudioVersion = 10.0.40219.1
Project("{FAE04EC0-301F-11D3-BF4B-00C04F79EFBC}") = "net9", "net9\net9.csproj", "{01339710-7175-4207-AC42-FF16BB582ABE}"
EndProject
Global
	GlobalSection(SolutionConfigurationPlatforms) = preSolution
		Debug|Any CPU = Debug|Any CPU
		Release|Any CPU = Release|Any CPU
	EndGlobalSection
	GlobalSection(ProjectConfigurationPlatforms) = postSolution
		{01339710-7175-4207-AC42-FF16BB582ABE}.Debug|Any CPU.ActiveCfg = Debug|Any CPU
		{01339710-7175-4207-AC42-FF16BB582ABE}.Debug|Any CPU.Build.0 = Debug|Any CPU
		{01339710-7175-4207-AC42-FF16BB582ABE}.Release|Any CPU.ActiveCfg = Release|Any CPU
		{01339710-7175-4207-AC42-FF16BB582ABE}.Release|Any CPU.Build.0 = Release|Any CPU
	EndGlobalSection
	GlobalSection(SolutionProperties) = preSolution
		HideSolutionNode = FALSE
	EndGlobalSection
	GlobalSection(ExtensibilityGlobals) = postSolution
		SolutionGuid = {15337926-B8DD-4732-9547-9421F4BD91C9}
	EndGlobalSection
EndGlobal
