
Microsoft Visual Studio Solution File, Format Version 12.00
# Visual Studio Version 17
VisualStudioVersion = 17.14.36202.13 d17.14
MinimumVisualStudioVersion = 10.0.40219.1
Project("{FAE04EC0-301F-11D3-BF4B-00C04F79EFBC}") = "MInimalApi", "MInimalApi\MInimalApi.csproj", "{CF6712D4-3710-4F52-9117-5EEC2F8D6AE1}"
EndProject
Global
	GlobalSection(SolutionConfigurationPlatforms) = preSolution
		Debug|Any CPU = Debug|Any CPU
		Release|Any CPU = Release|Any CPU
	EndGlobalSection
	GlobalSection(ProjectConfigurationPlatforms) = postSolution
		{CF6712D4-3710-4F52-9117-5EEC2F8D6AE1}.Debug|Any CPU.ActiveCfg = Debug|Any CPU
		{CF6712D4-3710-4F52-9117-5EEC2F8D6AE1}.Debug|Any CPU.Build.0 = Debug|Any CPU
		{CF6712D4-3710-4F52-9117-5EEC2F8D6AE1}.Release|Any CPU.ActiveCfg = Release|Any CPU
		{CF6712D4-3710-4F52-9117-5EEC2F8D6AE1}.Release|Any CPU.Build.0 = Release|Any CPU
	EndGlobalSection
	GlobalSection(SolutionProperties) = preSolution
		HideSolutionNode = FALSE
	EndGlobalSection
	GlobalSection(ExtensibilityGlobals) = postSolution
		SolutionGuid = {1EADCF58-D90C-4021-B87A-4FCCD56047D9}
	EndGlobalSection
EndGlobal
