
Microsoft Visual Studio Solution File, Format Version 12.00
# Visual Studio Version 17
VisualStudioVersion = 17.0.31903.59
MinimumVisualStudioVersion = 10.0.40219.1
Project("{FAE04EC0-301F-11D3-BF4B-00C04F79EFBC}") = "AlugAI.Application", "AlugAI.Application\AlugAI.Application.csproj", "{C89B5470-9F4F-4CBC-9898-B7F8E149BF0B}"
EndProject
Project("{FAE04EC0-301F-11D3-BF4B-00C04F79EFBC}") = "AlugAI.CrossCuting", "AlugAI.CrossCuting\AlugAI.CrossCuting.csproj", "{118066E8-4CF6-4C14-91DD-34C7DF7A0682}"
EndProject
Project("{FAE04EC0-301F-11D3-BF4B-00C04F79EFBC}") = "AlugAI.Domain", "AlugAI.Domain\AlugAI.Domain.csproj", "{06CAAE52-8DF0-4F3A-B09E-E7F1F4C60846}"
EndProject
Project("{FAE04EC0-301F-11D3-BF4B-00C04F79EFBC}") = "AlugAI.Infraestruct", "AlugAI.Infraestruct\AlugAI.Infraestruct.csproj", "{5C464935-F0B3-4871-9CB4-4BB610227651}"
EndProject
Project("{FAE04EC0-301F-11D3-BF4B-00C04F79EFBC}") = "AlugAI.Api", "AlugAI.Api\AlugAI.Api.csproj", "{A75FB41A-33F2-4CA4-960B-0B84E7D8D824}"
EndProject
Project("{FAE04EC0-301F-11D3-BF4B-00C04F79EFBC}") = "AlugAi.Test", "AlugAi.Test\AlugAi.Test.csproj", "{A52C1315-9F28-40A2-9292-4773A8E7D9A9}"
EndProject
Global
	GlobalSection(SolutionConfigurationPlatforms) = preSolution
		Debug|Any CPU = Debug|Any CPU
		Debug|x64 = Debug|x64
		Debug|x86 = Debug|x86
		Release|Any CPU = Release|Any CPU
		Release|x64 = Release|x64
		Release|x86 = Release|x86
	EndGlobalSection
	GlobalSection(ProjectConfigurationPlatforms) = postSolution
		{C89B5470-9F4F-4CBC-9898-B7F8E149BF0B}.Debug|Any CPU.ActiveCfg = Debug|Any CPU
		{C89B5470-9F4F-4CBC-9898-B7F8E149BF0B}.Debug|Any CPU.Build.0 = Debug|Any CPU
		{C89B5470-9F4F-4CBC-9898-B7F8E149BF0B}.Debug|x64.ActiveCfg = Debug|Any CPU
		{C89B5470-9F4F-4CBC-9898-B7F8E149BF0B}.Debug|x64.Build.0 = Debug|Any CPU
		{C89B5470-9F4F-4CBC-9898-B7F8E149BF0B}.Debug|x86.ActiveCfg = Debug|Any CPU
		{C89B5470-9F4F-4CBC-9898-B7F8E149BF0B}.Debug|x86.Build.0 = Debug|Any CPU
		{C89B5470-9F4F-4CBC-9898-B7F8E149BF0B}.Release|Any CPU.ActiveCfg = Release|Any CPU
		{C89B5470-9F4F-4CBC-9898-B7F8E149BF0B}.Release|Any CPU.Build.0 = Release|Any CPU
		{C89B5470-9F4F-4CBC-9898-B7F8E149BF0B}.Release|x64.ActiveCfg = Release|Any CPU
		{C89B5470-9F4F-4CBC-9898-B7F8E149BF0B}.Release|x64.Build.0 = Release|Any CPU
		{C89B5470-9F4F-4CBC-9898-B7F8E149BF0B}.Release|x86.ActiveCfg = Release|Any CPU
		{C89B5470-9F4F-4CBC-9898-B7F8E149BF0B}.Release|x86.Build.0 = Release|Any CPU
		{118066E8-4CF6-4C14-91DD-34C7DF7A0682}.Debug|Any CPU.ActiveCfg = Debug|Any CPU
		{118066E8-4CF6-4C14-91DD-34C7DF7A0682}.Debug|Any CPU.Build.0 = Debug|Any CPU
		{118066E8-4CF6-4C14-91DD-34C7DF7A0682}.Debug|x64.ActiveCfg = Debug|Any CPU
		{118066E8-4CF6-4C14-91DD-34C7DF7A0682}.Debug|x64.Build.0 = Debug|Any CPU
		{118066E8-4CF6-4C14-91DD-34C7DF7A0682}.Debug|x86.ActiveCfg = Debug|Any CPU
		{118066E8-4CF6-4C14-91DD-34C7DF7A0682}.Debug|x86.Build.0 = Debug|Any CPU
		{118066E8-4CF6-4C14-91DD-34C7DF7A0682}.Release|Any CPU.ActiveCfg = Release|Any CPU
		{118066E8-4CF6-4C14-91DD-34C7DF7A0682}.Release|Any CPU.Build.0 = Release|Any CPU
		{118066E8-4CF6-4C14-91DD-34C7DF7A0682}.Release|x64.ActiveCfg = Release|Any CPU
		{118066E8-4CF6-4C14-91DD-34C7DF7A0682}.Release|x64.Build.0 = Release|Any CPU
		{118066E8-4CF6-4C14-91DD-34C7DF7A0682}.Release|x86.ActiveCfg = Release|Any CPU
		{118066E8-4CF6-4C14-91DD-34C7DF7A0682}.Release|x86.Build.0 = Release|Any CPU
		{06CAAE52-8DF0-4F3A-B09E-E7F1F4C60846}.Debug|Any CPU.ActiveCfg = Debug|Any CPU
		{06CAAE52-8DF0-4F3A-B09E-E7F1F4C60846}.Debug|Any CPU.Build.0 = Debug|Any CPU
		{06CAAE52-8DF0-4F3A-B09E-E7F1F4C60846}.Debug|x64.ActiveCfg = Debug|Any CPU
		{06CAAE52-8DF0-4F3A-B09E-E7F1F4C60846}.Debug|x64.Build.0 = Debug|Any CPU
		{06CAAE52-8DF0-4F3A-B09E-E7F1F4C60846}.Debug|x86.ActiveCfg = Debug|Any CPU
		{06CAAE52-8DF0-4F3A-B09E-E7F1F4C60846}.Debug|x86.Build.0 = Debug|Any CPU
		{06CAAE52-8DF0-4F3A-B09E-E7F1F4C60846}.Release|Any CPU.ActiveCfg = Release|Any CPU
		{06CAAE52-8DF0-4F3A-B09E-E7F1F4C60846}.Release|Any CPU.Build.0 = Release|Any CPU
		{06CAAE52-8DF0-4F3A-B09E-E7F1F4C60846}.Release|x64.ActiveCfg = Release|Any CPU
		{06CAAE52-8DF0-4F3A-B09E-E7F1F4C60846}.Release|x64.Build.0 = Release|Any CPU
		{06CAAE52-8DF0-4F3A-B09E-E7F1F4C60846}.Release|x86.ActiveCfg = Release|Any CPU
		{06CAAE52-8DF0-4F3A-B09E-E7F1F4C60846}.Release|x86.Build.0 = Release|Any CPU
		{5C464935-F0B3-4871-9CB4-4BB610227651}.Debug|Any CPU.ActiveCfg = Debug|Any CPU
		{5C464935-F0B3-4871-9CB4-4BB610227651}.Debug|Any CPU.Build.0 = Debug|Any CPU
		{5C464935-F0B3-4871-9CB4-4BB610227651}.Debug|x64.ActiveCfg = Debug|Any CPU
		{5C464935-F0B3-4871-9CB4-4BB610227651}.Debug|x64.Build.0 = Debug|Any CPU
		{5C464935-F0B3-4871-9CB4-4BB610227651}.Debug|x86.ActiveCfg = Debug|Any CPU
		{5C464935-F0B3-4871-9CB4-4BB610227651}.Debug|x86.Build.0 = Debug|Any CPU
		{5C464935-F0B3-4871-9CB4-4BB610227651}.Release|Any CPU.ActiveCfg = Release|Any CPU
		{5C464935-F0B3-4871-9CB4-4BB610227651}.Release|Any CPU.Build.0 = Release|Any CPU
		{5C464935-F0B3-4871-9CB4-4BB610227651}.Release|x64.ActiveCfg = Release|Any CPU
		{5C464935-F0B3-4871-9CB4-4BB610227651}.Release|x64.Build.0 = Release|Any CPU
		{5C464935-F0B3-4871-9CB4-4BB610227651}.Release|x86.ActiveCfg = Release|Any CPU
		{5C464935-F0B3-4871-9CB4-4BB610227651}.Release|x86.Build.0 = Release|Any CPU
		{A75FB41A-33F2-4CA4-960B-0B84E7D8D824}.Debug|Any CPU.ActiveCfg = Debug|Any CPU
		{A75FB41A-33F2-4CA4-960B-0B84E7D8D824}.Debug|Any CPU.Build.0 = Debug|Any CPU
		{A75FB41A-33F2-4CA4-960B-0B84E7D8D824}.Debug|x64.ActiveCfg = Debug|Any CPU
		{A75FB41A-33F2-4CA4-960B-0B84E7D8D824}.Debug|x64.Build.0 = Debug|Any CPU
		{A75FB41A-33F2-4CA4-960B-0B84E7D8D824}.Debug|x86.ActiveCfg = Debug|Any CPU
		{A75FB41A-33F2-4CA4-960B-0B84E7D8D824}.Debug|x86.Build.0 = Debug|Any CPU
		{A75FB41A-33F2-4CA4-960B-0B84E7D8D824}.Release|Any CPU.ActiveCfg = Release|Any CPU
		{A75FB41A-33F2-4CA4-960B-0B84E7D8D824}.Release|Any CPU.Build.0 = Release|Any CPU
		{A75FB41A-33F2-4CA4-960B-0B84E7D8D824}.Release|x64.ActiveCfg = Release|Any CPU
		{A75FB41A-33F2-4CA4-960B-0B84E7D8D824}.Release|x64.Build.0 = Release|Any CPU
		{A75FB41A-33F2-4CA4-960B-0B84E7D8D824}.Release|x86.ActiveCfg = Release|Any CPU
		{A75FB41A-33F2-4CA4-960B-0B84E7D8D824}.Release|x86.Build.0 = Release|Any CPU
		{A52C1315-9F28-40A2-9292-4773A8E7D9A9}.Debug|Any CPU.ActiveCfg = Debug|Any CPU
		{A52C1315-9F28-40A2-9292-4773A8E7D9A9}.Debug|Any CPU.Build.0 = Debug|Any CPU
		{A52C1315-9F28-40A2-9292-4773A8E7D9A9}.Debug|x64.ActiveCfg = Debug|Any CPU
		{A52C1315-9F28-40A2-9292-4773A8E7D9A9}.Debug|x64.Build.0 = Debug|Any CPU
		{A52C1315-9F28-40A2-9292-4773A8E7D9A9}.Debug|x86.ActiveCfg = Debug|Any CPU
		{A52C1315-9F28-40A2-9292-4773A8E7D9A9}.Debug|x86.Build.0 = Debug|Any CPU
		{A52C1315-9F28-40A2-9292-4773A8E7D9A9}.Release|Any CPU.ActiveCfg = Release|Any CPU
		{A52C1315-9F28-40A2-9292-4773A8E7D9A9}.Release|Any CPU.Build.0 = Release|Any CPU
		{A52C1315-9F28-40A2-9292-4773A8E7D9A9}.Release|x64.ActiveCfg = Release|Any CPU
		{A52C1315-9F28-40A2-9292-4773A8E7D9A9}.Release|x64.Build.0 = Release|Any CPU
		{A52C1315-9F28-40A2-9292-4773A8E7D9A9}.Release|x86.ActiveCfg = Release|Any CPU
		{A52C1315-9F28-40A2-9292-4773A8E7D9A9}.Release|x86.Build.0 = Release|Any CPU
	EndGlobalSection
	GlobalSection(SolutionProperties) = preSolution
		HideSolutionNode = FALSE
	EndGlobalSection
EndGlobal
